
Microsoft Visual Studio Solution File, Format Version 12.00
# Visual Studio 15
VisualStudioVersion = 15.0.28010.2046
MinimumVisualStudioVersion = 10.0.40219.1
Project("{FAE04EC0-301F-11D3-BF4B-00C04F79EFBC}") = "week3-r", "week3-r\week3-r.csproj", "{C55719B4-0B15-43C7-AD6A-988A615E6CCD}"
EndProject
Global
	GlobalSection(SolutionConfigurationPlatforms) = preSolution
		Debug|Any CPU = Debug|Any CPU
		Release|Any CPU = Release|Any CPU
	EndGlobalSection
	GlobalSection(ProjectConfigurationPlatforms) = postSolution
		{C55719B4-0B15-43C7-AD6A-988A615E6CCD}.Debug|Any CPU.ActiveCfg = Debug|Any CPU
		{C55719B4-0B15-43C7-AD6A-988A615E6CCD}.Debug|Any CPU.Build.0 = Debug|Any CPU
		{C55719B4-0B15-43C7-AD6A-988A615E6CCD}.Release|Any CPU.ActiveCfg = Release|Any CPU
		{C55719B4-0B15-43C7-AD6A-988A615E6CCD}.Release|Any CPU.Build.0 = Release|Any CPU
	EndGlobalSection
	GlobalSection(SolutionProperties) = preSolution
		HideSolutionNode = FALSE
	EndGlobalSection
	GlobalSection(ExtensibilityGlobals) = postSolution
		SolutionGuid = {E1F295F5-1031-41EC-BE5D-BB5134703787}
	EndGlobalSection
EndGlobal
